
Microsoft Visual Studio Solution File, Format Version 12.00
# Visual Studio Version 16
VisualStudioVersion = 16.0.29409.12
MinimumVisualStudioVersion = 10.0.40219.1
Project("{FAE04EC0-301F-11D3-BF4B-00C04F79EFBC}") = "ISP", "ISP\ISP.csproj", "{D97BEB20-4FD5-4B07-935C-4DDDA776B832}"
EndProject
Global
	GlobalSection(SolutionConfigurationPlatforms) = preSolution
		Debug|Any CPU = Debug|Any CPU
		Release|Any CPU = Release|Any CPU
	EndGlobalSection
	GlobalSection(ProjectConfigurationPlatforms) = postSolution
		{D97BEB20-4FD5-4B07-935C-4DDDA776B832}.Debug|Any CPU.ActiveCfg = Debug|Any CPU
		{D97BEB20-4FD5-4B07-935C-4DDDA776B832}.Debug|Any CPU.Build.0 = Debug|Any CPU
		{D97BEB20-4FD5-4B07-935C-4DDDA776B832}.Release|Any CPU.ActiveCfg = Release|Any CPU
		{D97BEB20-4FD5-4B07-935C-4DDDA776B832}.Release|Any CPU.Build.0 = Release|Any CPU
	EndGlobalSection
	GlobalSection(SolutionProperties) = preSolution
		HideSolutionNode = FALSE
	EndGlobalSection
	GlobalSection(ExtensibilityGlobals) = postSolution
		SolutionGuid = {BECEAD5A-D248-4625-A890-77E985805320}
	EndGlobalSection
EndGlobal
