
Microsoft Visual Studio Solution File, Format Version 12.00
# Visual Studio Version 16
VisualStudioVersion = 16.0.29409.12
MinimumVisualStudioVersion = 10.0.40219.1
Project("{FAE04EC0-301F-11D3-BF4B-00C04F79EFBC}") = "OCP", "OCP\OCP.csproj", "{F6D072BF-9D83-4D09-AE3A-93E1BF8CA7EE}"
EndProject
Global
	GlobalSection(SolutionConfigurationPlatforms) = preSolution
		Debug|Any CPU = Debug|Any CPU
		Release|Any CPU = Release|Any CPU
	EndGlobalSection
	GlobalSection(ProjectConfigurationPlatforms) = postSolution
		{F6D072BF-9D83-4D09-AE3A-93E1BF8CA7EE}.Debug|Any CPU.ActiveCfg = Debug|Any CPU
		{F6D072BF-9D83-4D09-AE3A-93E1BF8CA7EE}.Debug|Any CPU.Build.0 = Debug|Any CPU
		{F6D072BF-9D83-4D09-AE3A-93E1BF8CA7EE}.Release|Any CPU.ActiveCfg = Release|Any CPU
		{F6D072BF-9D83-4D09-AE3A-93E1BF8CA7EE}.Release|Any CPU.Build.0 = Release|Any CPU
	EndGlobalSection
	GlobalSection(SolutionProperties) = preSolution
		HideSolutionNode = FALSE
	EndGlobalSection
	GlobalSection(ExtensibilityGlobals) = postSolution
		SolutionGuid = {7E1802D8-FFCB-477A-95FC-3FBD208BD6B1}
	EndGlobalSection
EndGlobal
